
Microsoft Visual Studio Solution File, Format Version 12.00
# Visual Studio Version 16
VisualStudioVersion = 16.0.30621.155
MinimumVisualStudioVersion = 10.0.40219.1
Project("{FAE04EC0-301F-11D3-BF4B-00C04F79EFBC}") = "Live Currency Converter", "Live Currency Converter\Live Currency Converter.csproj", "{8556973E-6372-419F-A900-C8DA241965C1}"
EndProject
Global
	GlobalSection(SolutionConfigurationPlatforms) = preSolution
		Debug|Any CPU = Debug|Any CPU
		Release|Any CPU = Release|Any CPU
	EndGlobalSection
	GlobalSection(ProjectConfigurationPlatforms) = postSolution
		{8556973E-6372-419F-A900-C8DA241965C1}.Debug|Any CPU.ActiveCfg = Debug|Any CPU
		{8556973E-6372-419F-A900-C8DA241965C1}.Debug|Any CPU.Build.0 = Debug|Any CPU
		{8556973E-6372-419F-A900-C8DA241965C1}.Release|Any CPU.ActiveCfg = Release|Any CPU
		{8556973E-6372-419F-A900-C8DA241965C1}.Release|Any CPU.Build.0 = Release|Any CPU
	EndGlobalSection
	GlobalSection(SolutionProperties) = preSolution
		HideSolutionNode = FALSE
	EndGlobalSection
	GlobalSection(ExtensibilityGlobals) = postSolution
		SolutionGuid = {9550A4B5-89C0-4DAF-8617-B56B69A55D9B}
	EndGlobalSection
EndGlobal
